// !$*UTF8*$!
{
	archiveVersion = 1;
	classes = {
	};
	objectVersion = 46;
	objects = {

/* Begin PBXBuildFile section */
		716FCD9B1F718D3E00A40595 /* UserCell.swift in Sources */ = {isa = PBXBuildFile; fileRef = 716FCD9A1F718D3E00A40595 /* UserCell.swift */; };
		716FCD9D1F71971400A40595 /* Assets.xcassets in Resources */ = {isa = PBXBuildFile; fileRef = 716FCD9C1F71971400A40595 /* Assets.xcassets */; };
		7183373E1F703DCD00BEF060 /* marker_add.mp3 in Resources */ = {isa = PBXBuildFile; fileRef = 7183373D1F703DCD00BEF060 /* marker_add.mp3 */; };
		718337401F70453500BEF060 /* Utils.swift in Sources */ = {isa = PBXBuildFile; fileRef = 7183373F1F70453500BEF060 /* Utils.swift */; };
		7198D7B61F69CDC800EEF51E /* CircleImageView.swift in Sources */ = {isa = PBXBuildFile; fileRef = 7198D7B51F69CDC800EEF51E /* CircleImageView.swift */; };
		7198D7B91F69D7A000EEF51E /* MaterialView.swift in Sources */ = {isa = PBXBuildFile; fileRef = 7198D7B81F69D7A000EEF51E /* MaterialView.swift */; };
		71DF93B91F91D6F700DFF2C6 /* OnboardingVC.swift in Sources */ = {isa = PBXBuildFile; fileRef = 71DF93B81F91D6F700DFF2C6 /* OnboardingVC.swift */; };
		71DF93BD1F91D9EE00DFF2C6 /* PaperOnboardingView.swift in Sources */ = {isa = PBXBuildFile; fileRef = 71DF93BC1F91D9EE00DFF2C6 /* PaperOnboardingView.swift */; };
		71F809EB1F6C480700C42771 /* Progress.swift in Sources */ = {isa = PBXBuildFile; fileRef = 71F809EA1F6C480700C42771 /* Progress.swift */; };
		7402EB241F5422BC00BE2897 /* UserObject.swift in Sources */ = {isa = PBXBuildFile; fileRef = 7402EB231F5422BC00BE2897 /* UserObject.swift */; };
		7402EB261F542AE700BE2897 /* MapViewController.swift in Sources */ = {isa = PBXBuildFile; fileRef = 7402EB251F542AE700BE2897 /* MapViewController.swift */; };
		7407A0451F8DBC1C00F1185D /* UserCollectionCell.swift in Sources */ = {isa = PBXBuildFile; fileRef = 7407A0431F8DBC1C00F1185D /* UserCollectionCell.swift */; };
		7407A0461F8DBC1C00F1185D /* UserCollectionCell.xib in Resources */ = {isa = PBXBuildFile; fileRef = 7407A0441F8DBC1C00F1185D /* UserCollectionCell.xib */; };
		7407A0491F8DF43F00F1185D /* Shakeable.swift in Sources */ = {isa = PBXBuildFile; fileRef = 7407A0481F8DF43F00F1185D /* Shakeable.swift */; };
		7407A04B1F8DF59A00F1185D /* Floatable.swift in Sources */ = {isa = PBXBuildFile; fileRef = 7407A04A1F8DF59A00F1185D /* Floatable.swift */; };
		741243B41F568D9600ADCCEF /* DADataService.swift in Sources */ = {isa = PBXBuildFile; fileRef = 741243B31F568D9600ADCCEF /* DADataService.swift */; };
		74177DFF1F77B02700A21DA2 /* ChatCell.swift in Sources */ = {isa = PBXBuildFile; fileRef = 74177DFE1F77B02700A21DA2 /* ChatCell.swift */; };
		74177E011F77B4F200A21DA2 /* ChatObject.swift in Sources */ = {isa = PBXBuildFile; fileRef = 74177E001F77B4F200A21DA2 /* ChatObject.swift */; };
		744EFDB81F552807004364D0 /* Constants.swift in Sources */ = {isa = PBXBuildFile; fileRef = 744EFDB71F552807004364D0 /* Constants.swift */; };
		745AAC951F7272C100BA8413 /* ChatRoomVC.swift in Sources */ = {isa = PBXBuildFile; fileRef = 745AAC941F7272C100BA8413 /* ChatRoomVC.swift */; };
		745AAC971F727C4100BA8413 /* HistoryVC.swift in Sources */ = {isa = PBXBuildFile; fileRef = 745AAC961F727C4100BA8413 /* HistoryVC.swift */; };
		7491B1111F89E055001DE7E6 /* RoundedCornerButton.swift in Sources */ = {isa = PBXBuildFile; fileRef = 7491B1101F89E055001DE7E6 /* RoundedCornerButton.swift */; };
		7491B1131F8A0DB6001DE7E6 /* HistoryCell.swift in Sources */ = {isa = PBXBuildFile; fileRef = 7491B1121F8A0DB6001DE7E6 /* HistoryCell.swift */; };
		7491B1151F8A209E001DE7E6 /* RoundedCornerView.swift in Sources */ = {isa = PBXBuildFile; fileRef = 7491B1141F8A209E001DE7E6 /* RoundedCornerView.swift */; };
		7491B1171F8A2B26001DE7E6 /* PulseView.swift in Sources */ = {isa = PBXBuildFile; fileRef = 7491B1161F8A2B26001DE7E6 /* PulseView.swift */; };
		7491B1191F8A2B4A001DE7E6 /* FloatingView.swift in Sources */ = {isa = PBXBuildFile; fileRef = 7491B1181F8A2B4A001DE7E6 /* FloatingView.swift */; };
		7491B11B1F8A2B6C001DE7E6 /* HeartBeatView.swift in Sources */ = {isa = PBXBuildFile; fileRef = 7491B11A1F8A2B6C001DE7E6 /* HeartBeatView.swift */; };
		749BC3141F4A7D80006AA55D /* AppDelegate.swift in Sources */ = {isa = PBXBuildFile; fileRef = 749BC3131F4A7D80006AA55D /* AppDelegate.swift */; };
		749BC3161F4A7D80006AA55D /* LoginViewController.swift in Sources */ = {isa = PBXBuildFile; fileRef = 749BC3151F4A7D80006AA55D /* LoginViewController.swift */; };
		749BC3191F4A7D80006AA55D /* Main.storyboard in Resources */ = {isa = PBXBuildFile; fileRef = 749BC3171F4A7D80006AA55D /* Main.storyboard */; };
		749BC31E1F4A7D80006AA55D /* LaunchScreen.storyboard in Resources */ = {isa = PBXBuildFile; fileRef = 749BC31C1F4A7D80006AA55D /* LaunchScreen.storyboard */; };
		749BC3261F4A9883006AA55D /* GoogleService-Info.plist in Resources */ = {isa = PBXBuildFile; fileRef = 749BC3251F4A9883006AA55D /* GoogleService-Info.plist */; };
		749BD1A81F82055A009030C3 /* TripObject.swift in Sources */ = {isa = PBXBuildFile; fileRef = 749BD1A71F82055A009030C3 /* TripObject.swift */; };
		749BD1AA1F823EFA009030C3 /* locationObject.swift in Sources */ = {isa = PBXBuildFile; fileRef = 749BD1A91F823EFA009030C3 /* locationObject.swift */; };
		74A33A541F78FCCF00F7260F /* UserChatCell.swift in Sources */ = {isa = PBXBuildFile; fileRef = 74A33A531F78FCCF00F7260F /* UserChatCell.swift */; };
		74A33A561F79051E00F7260F /* InsetLabel.swift in Sources */ = {isa = PBXBuildFile; fileRef = 74A33A551F79051E00F7260F /* InsetLabel.swift */; };
		74A33A581F79170D00F7260F /* HeaderShadowView.swift in Sources */ = {isa = PBXBuildFile; fileRef = 74A33A571F79170D00F7260F /* HeaderShadowView.swift */; };
		74C76D8F1F7C9F7F00B9A2FF /* BadgeLabel.swift in Sources */ = {isa = PBXBuildFile; fileRef = 74C76D8E1F7C9F7F00B9A2FF /* BadgeLabel.swift */; };
		74D8184B1F73570600646154 /* ProfileVC.swift in Sources */ = {isa = PBXBuildFile; fileRef = 74D8184A1F73570600646154 /* ProfileVC.swift */; };
		BC0603199903882553392C48 /* Pods_TrackerApp.framework in Frameworks */ = {isa = PBXBuildFile; fileRef = B6D8A77181E2D61273A592E5 /* Pods_TrackerApp.framework */; };
/* End PBXBuildFile section */

/* Begin PBXFileReference section */
		3DA19FFD6374542A8AF57804 /* Pods-TrackerApp.debug.xcconfig */ = {isa = PBXFileReference; includeInIndex = 1; lastKnownFileType = text.xcconfig; name = "Pods-TrackerApp.debug.xcconfig"; path = "Pods/Target Support Files/Pods-TrackerApp/Pods-TrackerApp.debug.xcconfig"; sourceTree = "<group>"; };
		711093B41F6C69CA00E86B5E /* TrackerApp.entitlements */ = {isa = PBXFileReference; lastKnownFileType = text.plist.entitlements; path = TrackerApp.entitlements; sourceTree = "<group>"; };
		716FCD9A1F718D3E00A40595 /* UserCell.swift */ = {isa = PBXFileReference; fileEncoding = 4; lastKnownFileType = sourcecode.swift; path = UserCell.swift; sourceTree = "<group>"; };
		716FCD9C1F71971400A40595 /* Assets.xcassets */ = {isa = PBXFileReference; lastKnownFileType = folder.assetcatalog; path = Assets.xcassets; sourceTree = "<group>"; };
		7183373D1F703DCD00BEF060 /* marker_add.mp3 */ = {isa = PBXFileReference; lastKnownFileType = audio.mp3; path = marker_add.mp3; sourceTree = "<group>"; };
		7183373F1F70453500BEF060 /* Utils.swift */ = {isa = PBXFileReference; fileEncoding = 4; lastKnownFileType = sourcecode.swift; path = Utils.swift; sourceTree = "<group>"; };
		7198D7B51F69CDC800EEF51E /* CircleImageView.swift */ = {isa = PBXFileReference; fileEncoding = 4; lastKnownFileType = sourcecode.swift; path = CircleImageView.swift; sourceTree = "<group>"; };
		7198D7B81F69D7A000EEF51E /* MaterialView.swift */ = {isa = PBXFileReference; fileEncoding = 4; lastKnownFileType = sourcecode.swift; path = MaterialView.swift; sourceTree = "<group>"; };
		71DF93B81F91D6F700DFF2C6 /* OnboardingVC.swift */ = {isa = PBXFileReference; lastKnownFileType = sourcecode.swift; path = OnboardingVC.swift; sourceTree = "<group>"; };
		71DF93BB1F91D99400DFF2C6 /* paper_onboarding.framework */ = {isa = PBXFileReference; explicitFileType = wrapper.framework; path = paper_onboarding.framework; sourceTree = BUILT_PRODUCTS_DIR; };
		71DF93BC1F91D9EE00DFF2C6 /* PaperOnboardingView.swift */ = {isa = PBXFileReference; lastKnownFileType = sourcecode.swift; path = PaperOnboardingView.swift; sourceTree = "<group>"; };
		71DF93BF1F91DFE600DFF2C6 /* paper_onboarding.framework */ = {isa = PBXFileReference; explicitFileType = wrapper.framework; path = paper_onboarding.framework; sourceTree = BUILT_PRODUCTS_DIR; };
		71F809EA1F6C480700C42771 /* Progress.swift */ = {isa = PBXFileReference; fileEncoding = 4; lastKnownFileType = sourcecode.swift; path = Progress.swift; sourceTree = "<group>"; };
		7402EB231F5422BC00BE2897 /* UserObject.swift */ = {isa = PBXFileReference; fileEncoding = 4; lastKnownFileType = sourcecode.swift; path = UserObject.swift; sourceTree = "<group>"; };
		7402EB251F542AE700BE2897 /* MapViewController.swift */ = {isa = PBXFileReference; fileEncoding = 4; lastKnownFileType = sourcecode.swift; path = MapViewController.swift; sourceTree = "<group>"; };
		7407A0431F8DBC1C00F1185D /* UserCollectionCell.swift */ = {isa = PBXFileReference; lastKnownFileType = sourcecode.swift; path = UserCollectionCell.swift; sourceTree = "<group>"; };
		7407A0441F8DBC1C00F1185D /* UserCollectionCell.xib */ = {isa = PBXFileReference; lastKnownFileType = file.xib; path = UserCollectionCell.xib; sourceTree = "<group>"; };
		7407A0481F8DF43F00F1185D /* Shakeable.swift */ = {isa = PBXFileReference; lastKnownFileType = sourcecode.swift; path = Shakeable.swift; sourceTree = "<group>"; };
		7407A04A1F8DF59A00F1185D /* Floatable.swift */ = {isa = PBXFileReference; lastKnownFileType = sourcecode.swift; path = Floatable.swift; sourceTree = "<group>"; };
		741243B31F568D9600ADCCEF /* DADataService.swift */ = {isa = PBXFileReference; fileEncoding = 4; lastKnownFileType = sourcecode.swift; path = DADataService.swift; sourceTree = "<group>"; };
		74177DFE1F77B02700A21DA2 /* ChatCell.swift */ = {isa = PBXFileReference; fileEncoding = 4; lastKnownFileType = sourcecode.swift; path = ChatCell.swift; sourceTree = "<group>"; };
		74177E001F77B4F200A21DA2 /* ChatObject.swift */ = {isa = PBXFileReference; fileEncoding = 4; lastKnownFileType = sourcecode.swift; path = ChatObject.swift; sourceTree = "<group>"; };
		744EFDB71F552807004364D0 /* Constants.swift */ = {isa = PBXFileReference; fileEncoding = 4; lastKnownFileType = sourcecode.swift; path = Constants.swift; sourceTree = "<group>"; };
		745AAC941F7272C100BA8413 /* ChatRoomVC.swift */ = {isa = PBXFileReference; fileEncoding = 4; lastKnownFileType = sourcecode.swift; path = ChatRoomVC.swift; sourceTree = "<group>"; };
		745AAC961F727C4100BA8413 /* HistoryVC.swift */ = {isa = PBXFileReference; fileEncoding = 4; lastKnownFileType = sourcecode.swift; path = HistoryVC.swift; sourceTree = "<group>"; };
		7491B1101F89E055001DE7E6 /* RoundedCornerButton.swift */ = {isa = PBXFileReference; lastKnownFileType = sourcecode.swift; path = RoundedCornerButton.swift; sourceTree = "<group>"; };
		7491B1121F8A0DB6001DE7E6 /* HistoryCell.swift */ = {isa = PBXFileReference; lastKnownFileType = sourcecode.swift; path = HistoryCell.swift; sourceTree = "<group>"; };
		7491B1141F8A209E001DE7E6 /* RoundedCornerView.swift */ = {isa = PBXFileReference; lastKnownFileType = sourcecode.swift; path = RoundedCornerView.swift; sourceTree = "<group>"; };
		7491B1161F8A2B26001DE7E6 /* PulseView.swift */ = {isa = PBXFileReference; lastKnownFileType = sourcecode.swift; path = PulseView.swift; sourceTree = "<group>"; };
		7491B1181F8A2B4A001DE7E6 /* FloatingView.swift */ = {isa = PBXFileReference; lastKnownFileType = sourcecode.swift; path = FloatingView.swift; sourceTree = "<group>"; };
		7491B11A1F8A2B6C001DE7E6 /* HeartBeatView.swift */ = {isa = PBXFileReference; lastKnownFileType = sourcecode.swift; path = HeartBeatView.swift; sourceTree = "<group>"; };
		749BC3101F4A7D80006AA55D /* TrackerApp.app */ = {isa = PBXFileReference; explicitFileType = wrapper.application; includeInIndex = 0; path = TrackerApp.app; sourceTree = BUILT_PRODUCTS_DIR; };
		749BC3131F4A7D80006AA55D /* AppDelegate.swift */ = {isa = PBXFileReference; lastKnownFileType = sourcecode.swift; path = AppDelegate.swift; sourceTree = "<group>"; };
		749BC3151F4A7D80006AA55D /* LoginViewController.swift */ = {isa = PBXFileReference; lastKnownFileType = sourcecode.swift; path = LoginViewController.swift; sourceTree = "<group>"; };
		749BC3181F4A7D80006AA55D /* Base */ = {isa = PBXFileReference; lastKnownFileType = file.storyboard; name = Base; path = Base.lproj/Main.storyboard; sourceTree = "<group>"; };
		749BC31D1F4A7D80006AA55D /* Base */ = {isa = PBXFileReference; lastKnownFileType = file.storyboard; name = Base; path = Base.lproj/LaunchScreen.storyboard; sourceTree = "<group>"; };
		749BC31F1F4A7D80006AA55D /* Info.plist */ = {isa = PBXFileReference; lastKnownFileType = text.plist.xml; path = Info.plist; sourceTree = "<group>"; };
		749BC3251F4A9883006AA55D /* GoogleService-Info.plist */ = {isa = PBXFileReference; fileEncoding = 4; lastKnownFileType = text.plist.xml; path = "GoogleService-Info.plist"; sourceTree = "<group>"; };
		749BD1A71F82055A009030C3 /* TripObject.swift */ = {isa = PBXFileReference; lastKnownFileType = sourcecode.swift; path = TripObject.swift; sourceTree = "<group>"; };
		749BD1A91F823EFA009030C3 /* locationObject.swift */ = {isa = PBXFileReference; lastKnownFileType = sourcecode.swift; path = locationObject.swift; sourceTree = "<group>"; };
		74A33A531F78FCCF00F7260F /* UserChatCell.swift */ = {isa = PBXFileReference; fileEncoding = 4; lastKnownFileType = sourcecode.swift; path = UserChatCell.swift; sourceTree = "<group>"; };
		74A33A551F79051E00F7260F /* InsetLabel.swift */ = {isa = PBXFileReference; fileEncoding = 4; lastKnownFileType = sourcecode.swift; path = InsetLabel.swift; sourceTree = "<group>"; };
		74A33A571F79170D00F7260F /* HeaderShadowView.swift */ = {isa = PBXFileReference; fileEncoding = 4; lastKnownFileType = sourcecode.swift; path = HeaderShadowView.swift; sourceTree = "<group>"; };
		74C76D8E1F7C9F7F00B9A2FF /* BadgeLabel.swift */ = {isa = PBXFileReference; lastKnownFileType = sourcecode.swift; path = BadgeLabel.swift; sourceTree = "<group>"; };
		74D8184A1F73570600646154 /* ProfileVC.swift */ = {isa = PBXFileReference; fileEncoding = 4; lastKnownFileType = sourcecode.swift; path = ProfileVC.swift; sourceTree = "<group>"; };
		B6D8A77181E2D61273A592E5 /* Pods_TrackerApp.framework */ = {isa = PBXFileReference; explicitFileType = wrapper.framework; includeInIndex = 0; path = Pods_TrackerApp.framework; sourceTree = BUILT_PRODUCTS_DIR; };
		D653A11911011B8DB62E2F55 /* Pods-TrackerApp.release.xcconfig */ = {isa = PBXFileReference; includeInIndex = 1; lastKnownFileType = text.xcconfig; name = "Pods-TrackerApp.release.xcconfig"; path = "Pods/Target Support Files/Pods-TrackerApp/Pods-TrackerApp.release.xcconfig"; sourceTree = "<group>"; };
/* End PBXFileReference section */

/* Begin PBXFrameworksBuildPhase section */
		749BC30D1F4A7D80006AA55D /* Frameworks */ = {
			isa = PBXFrameworksBuildPhase;
			buildActionMask = 2147483647;
			files = (
				BC0603199903882553392C48 /* Pods_TrackerApp.framework in Frameworks */,
			);
			runOnlyForDeploymentPostprocessing = 0;
		};
/* End PBXFrameworksBuildPhase section */

/* Begin PBXGroup section */
		30C6F9705F197AE2E826F77F /* Pods */ = {
			isa = PBXGroup;
			children = (
				3DA19FFD6374542A8AF57804 /* Pods-TrackerApp.debug.xcconfig */,
				D653A11911011B8DB62E2F55 /* Pods-TrackerApp.release.xcconfig */,
			);
			name = Pods;
			sourceTree = "<group>";
		};
		7198D7B71F69D40300EEF51E /* Extensions */ = {
			isa = PBXGroup;
			children = (
				7198D7B81F69D7A000EEF51E /* MaterialView.swift */,
			);
			name = Extensions;
			sourceTree = "<group>";
		};
		7402EB1F1F54161100BE2897 /* View */ = {
			isa = PBXGroup;
			children = (
				749BC3171F4A7D80006AA55D /* Main.storyboard */,
				749BC31C1F4A7D80006AA55D /* LaunchScreen.storyboard */,
				7407A0441F8DBC1C00F1185D /* UserCollectionCell.xib */,
			);
			name = View;
			sourceTree = "<group>";
		};
		7402EB201F54162400BE2897 /* Controller */ = {
			isa = PBXGroup;
			children = (
				749BC3131F4A7D80006AA55D /* AppDelegate.swift */,
				749BC3151F4A7D80006AA55D /* LoginViewController.swift */,
				7402EB251F542AE700BE2897 /* MapViewController.swift */,
				745AAC941F7272C100BA8413 /* ChatRoomVC.swift */,
				745AAC961F727C4100BA8413 /* HistoryVC.swift */,
				74D8184A1F73570600646154 /* ProfileVC.swift */,
				71DF93B81F91D6F700DFF2C6 /* OnboardingVC.swift */,
			);
			name = Controller;
			sourceTree = "<group>";
		};
		7402EB211F54163200BE2897 /* Resources */ = {
			isa = PBXGroup;
			children = (
				7183373D1F703DCD00BEF060 /* marker_add.mp3 */,
				716FCD9C1F71971400A40595 /* Assets.xcassets */,
				749BC3251F4A9883006AA55D /* GoogleService-Info.plist */,
				749BC31F1F4A7D80006AA55D /* Info.plist */,
			);
			name = Resources;
			sourceTree = "<group>";
		};
		7402EB221F54164A00BE2897 /* Model */ = {
			isa = PBXGroup;
			children = (
				7402EB231F5422BC00BE2897 /* UserObject.swift */,
				716FCD9A1F718D3E00A40595 /* UserCell.swift */,
				74177DFE1F77B02700A21DA2 /* ChatCell.swift */,
				74177E001F77B4F200A21DA2 /* ChatObject.swift */,
				74A33A531F78FCCF00F7260F /* UserChatCell.swift */,
				749BD1A71F82055A009030C3 /* TripObject.swift */,
				749BD1A91F823EFA009030C3 /* locationObject.swift */,
				7491B1121F8A0DB6001DE7E6 /* HistoryCell.swift */,
				7407A0431F8DBC1C00F1185D /* UserCollectionCell.swift */,
			);
			name = Model;
			sourceTree = "<group>";
		};
		7407A0471F8DF3B400F1185D /* Protocols */ = {
			isa = PBXGroup;
			children = (
				7407A0481F8DF43F00F1185D /* Shakeable.swift */,
				7407A04A1F8DF59A00F1185D /* Floatable.swift */,
			);
			name = Protocols;
			sourceTree = "<group>";
		};
		741243B21F568D6600ADCCEF /* Services */ = {
			isa = PBXGroup;
			children = (
				741243B31F568D9600ADCCEF /* DADataService.swift */,
			);
			name = Services;
			sourceTree = "<group>";
		};
		744EFDB61F5527E9004364D0 /* Constants */ = {
			isa = PBXGroup;
			children = (
				744EFDB71F552807004364D0 /* Constants.swift */,
				7183373F1F70453500BEF060 /* Utils.swift */,
			);
			name = Constants;
			sourceTree = "<group>";
		};
		744EFDBB1F55573D004364D0 /* CustomViews */ = {
			isa = PBXGroup;
			children = (
				7198D7B51F69CDC800EEF51E /* CircleImageView.swift */,
				71F809EA1F6C480700C42771 /* Progress.swift */,
				74A33A551F79051E00F7260F /* InsetLabel.swift */,
				74A33A571F79170D00F7260F /* HeaderShadowView.swift */,
				74C76D8E1F7C9F7F00B9A2FF /* BadgeLabel.swift */,
				7491B1101F89E055001DE7E6 /* RoundedCornerButton.swift */,
				7491B1141F8A209E001DE7E6 /* RoundedCornerView.swift */,
				7491B1161F8A2B26001DE7E6 /* PulseView.swift */,
				7491B1181F8A2B4A001DE7E6 /* FloatingView.swift */,
				7491B11A1F8A2B6C001DE7E6 /* HeartBeatView.swift */,
				71DF93BC1F91D9EE00DFF2C6 /* PaperOnboardingView.swift */,
			);
			name = CustomViews;
			sourceTree = "<group>";
		};
		749BC3071F4A7D80006AA55D = {
			isa = PBXGroup;
			children = (
				749BC3121F4A7D80006AA55D /* TrackerApp */,
				749BC3111F4A7D80006AA55D /* Products */,
				30C6F9705F197AE2E826F77F /* Pods */,
				9EE19EFE3BF1924C642510F2 /* Frameworks */,
			);
			sourceTree = "<group>";
		};
		749BC3111F4A7D80006AA55D /* Products */ = {
			isa = PBXGroup;
			children = (
				749BC3101F4A7D80006AA55D /* TrackerApp.app */,
			);
			name = Products;
			sourceTree = "<group>";
		};
		749BC3121F4A7D80006AA55D /* TrackerApp */ = {
			isa = PBXGroup;
			children = (
				711093B41F6C69CA00E86B5E /* TrackerApp.entitlements */,
				7407A0471F8DF3B400F1185D /* Protocols */,
				7198D7B71F69D40300EEF51E /* Extensions */,
				741243B21F568D6600ADCCEF /* Services */,
				744EFDBB1F55573D004364D0 /* CustomViews */,
				7402EB221F54164A00BE2897 /* Model */,
				7402EB1F1F54161100BE2897 /* View */,
				7402EB201F54162400BE2897 /* Controller */,
				744EFDB61F5527E9004364D0 /* Constants */,
				7402EB211F54163200BE2897 /* Resources */,
			);
			path = TrackerApp;
			sourceTree = "<group>";
		};
		9EE19EFE3BF1924C642510F2 /* Frameworks */ = {
			isa = PBXGroup;
			children = (
				71DF93BF1F91DFE600DFF2C6 /* paper_onboarding.framework */,
				71DF93BB1F91D99400DFF2C6 /* paper_onboarding.framework */,
				B6D8A77181E2D61273A592E5 /* Pods_TrackerApp.framework */,
			);
			name = Frameworks;
			sourceTree = "<group>";
		};
/* End PBXGroup section */

/* Begin PBXNativeTarget section */
		749BC30F1F4A7D80006AA55D /* TrackerApp */ = {
			isa = PBXNativeTarget;
			buildConfigurationList = 749BC3221F4A7D80006AA55D /* Build configuration list for PBXNativeTarget "TrackerApp" */;
			buildPhases = (
				DCD2BCD1BDB017821FB5FB0F /* [CP] Check Pods Manifest.lock */,
				749BC30C1F4A7D80006AA55D /* Sources */,
				749BC30D1F4A7D80006AA55D /* Frameworks */,
				749BC30E1F4A7D80006AA55D /* Resources */,
				5B0666EE61850A0773083670 /* [CP] Embed Pods Frameworks */,
				4AB3D36A8745F1699CB433C5 /* [CP] Copy Pods Resources */,
			);
			buildRules = (
			);
			dependencies = (
			);
			name = TrackerApp;
			productName = TrackerApp;
			productReference = 749BC3101F4A7D80006AA55D /* TrackerApp.app */;
			productType = "com.apple.product-type.application";
		};
/* End PBXNativeTarget section */

/* Begin PBXProject section */
		749BC3081F4A7D80006AA55D /* Project object */ = {
			isa = PBXProject;
			attributes = {
				LastSwiftUpdateCheck = 0830;
				LastUpgradeCheck = 0830;
				ORGANIZATIONNAME = "Md Munir Hossain";
				TargetAttributes = {
					749BC30F1F4A7D80006AA55D = {
						CreatedOnToolsVersion = 8.3.3;
						DevelopmentTeam = 7V27CSMYF8;
						ProvisioningStyle = Automatic;
						SystemCapabilities = {
							com.apple.Keychain = {
								enabled = 0;
							};
						};
					};
				};
			};
			buildConfigurationList = 749BC30B1F4A7D80006AA55D /* Build configuration list for PBXProject "TrackerApp" */;
			compatibilityVersion = "Xcode 3.2";
			developmentRegion = English;
			hasScannedForEncodings = 0;
			knownRegions = (
				en,
				Base,
			);
			mainGroup = 749BC3071F4A7D80006AA55D;
			productRefGroup = 749BC3111F4A7D80006AA55D /* Products */;
			projectDirPath = "";
			projectRoot = "";
			targets = (
				749BC30F1F4A7D80006AA55D /* TrackerApp */,
			);
		};
/* End PBXProject section */

/* Begin PBXResourcesBuildPhase section */
		749BC30E1F4A7D80006AA55D /* Resources */ = {
			isa = PBXResourcesBuildPhase;
			buildActionMask = 2147483647;
			files = (
				7407A0461F8DBC1C00F1185D /* UserCollectionCell.xib in Resources */,
				749BC31E1F4A7D80006AA55D /* LaunchScreen.storyboard in Resources */,
				749BC3261F4A9883006AA55D /* GoogleService-Info.plist in Resources */,
				7183373E1F703DCD00BEF060 /* marker_add.mp3 in Resources */,
				749BC3191F4A7D80006AA55D /* Main.storyboard in Resources */,
				716FCD9D1F71971400A40595 /* Assets.xcassets in Resources */,
			);
			runOnlyForDeploymentPostprocessing = 0;
		};
/* End PBXResourcesBuildPhase section */

/* Begin PBXShellScriptBuildPhase section */
		4AB3D36A8745F1699CB433C5 /* [CP] Copy Pods Resources */ = {
			isa = PBXShellScriptBuildPhase;
			buildActionMask = 2147483647;
			files = (
			);
			inputPaths = (
			);
			name = "[CP] Copy Pods Resources";
			outputPaths = (
			);
			runOnlyForDeploymentPostprocessing = 0;
			shellPath = /bin/sh;
			shellScript = "\"${SRCROOT}/Pods/Target Support Files/Pods-TrackerApp/Pods-TrackerApp-resources.sh\"\n";
			showEnvVarsInLog = 0;
		};
		5B0666EE61850A0773083670 /* [CP] Embed Pods Frameworks */ = {
			isa = PBXShellScriptBuildPhase;
			buildActionMask = 2147483647;
			files = (
			);
			inputPaths = (
			);
			name = "[CP] Embed Pods Frameworks";
			outputPaths = (
			);
			runOnlyForDeploymentPostprocessing = 0;
			shellPath = /bin/sh;
			shellScript = "\"${SRCROOT}/Pods/Target Support Files/Pods-TrackerApp/Pods-TrackerApp-frameworks.sh\"\n";
			showEnvVarsInLog = 0;
		};
		DCD2BCD1BDB017821FB5FB0F /* [CP] Check Pods Manifest.lock */ = {
			isa = PBXShellScriptBuildPhase;
			buildActionMask = 2147483647;
			files = (
			);
			inputPaths = (
			);
			name = "[CP] Check Pods Manifest.lock";
			outputPaths = (
			);
			runOnlyForDeploymentPostprocessing = 0;
			shellPath = /bin/sh;
			shellScript = "diff \"${PODS_PODFILE_DIR_PATH}/Podfile.lock\" \"${PODS_ROOT}/Manifest.lock\" > /dev/null\nif [ $? != 0 ] ; then\n    # print error to STDERR\n    echo \"error: The sandbox is not in sync with the Podfile.lock. Run 'pod install' or update your CocoaPods installation.\" >&2\n    exit 1\nfi\n";
			showEnvVarsInLog = 0;
		};
/* End PBXShellScriptBuildPhase section */

/* Begin PBXSourcesBuildPhase section */
		749BC30C1F4A7D80006AA55D /* Sources */ = {
			isa = PBXSourcesBuildPhase;
			buildActionMask = 2147483647;
			files = (
				7198D7B61F69CDC800EEF51E /* CircleImageView.swift in Sources */,
				745AAC951F7272C100BA8413 /* ChatRoomVC.swift in Sources */,
				74C76D8F1F7C9F7F00B9A2FF /* BadgeLabel.swift in Sources */,
				74177E011F77B4F200A21DA2 /* ChatObject.swift in Sources */,
				7407A0491F8DF43F00F1185D /* Shakeable.swift in Sources */,
				74D8184B1F73570600646154 /* ProfileVC.swift in Sources */,
				71DF93BD1F91D9EE00DFF2C6 /* PaperOnboardingView.swift in Sources */,
				7491B1111F89E055001DE7E6 /* RoundedCornerButton.swift in Sources */,
				7491B1131F8A0DB6001DE7E6 /* HistoryCell.swift in Sources */,
				7407A04B1F8DF59A00F1185D /* Floatable.swift in Sources */,
				71DF93B91F91D6F700DFF2C6 /* OnboardingVC.swift in Sources */,
				749BD1AA1F823EFA009030C3 /* locationObject.swift in Sources */,
				744EFDB81F552807004364D0 /* Constants.swift in Sources */,
				749BC3161F4A7D80006AA55D /* LoginViewController.swift in Sources */,
				74A33A541F78FCCF00F7260F /* UserChatCell.swift in Sources */,
				74A33A581F79170D00F7260F /* HeaderShadowView.swift in Sources */,
				7198D7B91F69D7A000EEF51E /* MaterialView.swift in Sources */,
				749BC3141F4A7D80006AA55D /* AppDelegate.swift in Sources */,
				71F809EB1F6C480700C42771 /* Progress.swift in Sources */,
				7491B1151F8A209E001DE7E6 /* RoundedCornerView.swift in Sources */,
				7491B1191F8A2B4A001DE7E6 /* FloatingView.swift in Sources */,
				7407A0451F8DBC1C00F1185D /* UserCollectionCell.swift in Sources */,
				7491B11B1F8A2B6C001DE7E6 /* HeartBeatView.swift in Sources */,
				74A33A561F79051E00F7260F /* InsetLabel.swift in Sources */,
				74177DFF1F77B02700A21DA2 /* ChatCell.swift in Sources */,
				749BD1A81F82055A009030C3 /* TripObject.swift in Sources */,
				7402EB241F5422BC00BE2897 /* UserObject.swift in Sources */,
				718337401F70453500BEF060 /* Utils.swift in Sources */,
				741243B41F568D9600ADCCEF /* DADataService.swift in Sources */,
				716FCD9B1F718D3E00A40595 /* UserCell.swift in Sources */,
				745AAC971F727C4100BA8413 /* HistoryVC.swift in Sources */,
				7491B1171F8A2B26001DE7E6 /* PulseView.swift in Sources */,
				7402EB261F542AE700BE2897 /* MapViewController.swift in Sources */,
			);
			runOnlyForDeploymentPostprocessing = 0;
		};
/* End PBXSourcesBuildPhase section */

/* Begin PBXVariantGroup section */
		749BC3171F4A7D80006AA55D /* Main.storyboard */ = {
			isa = PBXVariantGroup;
			children = (
				749BC3181F4A7D80006AA55D /* Base */,
			);
			name = Main.storyboard;
			sourceTree = "<group>";
		};
		749BC31C1F4A7D80006AA55D /* LaunchScreen.storyboard */ = {
			isa = PBXVariantGroup;
			children = (
				749BC31D1F4A7D80006AA55D /* Base */,
			);
			name = LaunchScreen.storyboard;
			sourceTree = "<group>";
		};
/* End PBXVariantGroup section */

/* Begin XCBuildConfiguration section */
		749BC3201F4A7D80006AA55D /* Debug */ = {
			isa = XCBuildConfiguration;
			buildSettings = {
				ALWAYS_EMBED_SWIFT_STANDARD_LIBRARIES = YES;
				ALWAYS_SEARCH_USER_PATHS = NO;
				CLANG_ANALYZER_NONNULL = YES;
				CLANG_ANALYZER_NUMBER_OBJECT_CONVERSION = YES_AGGRESSIVE;
				CLANG_CXX_LANGUAGE_STANDARD = "gnu++0x";
				CLANG_CXX_LIBRARY = "libc++";
				CLANG_ENABLE_MODULES = YES;
				CLANG_ENABLE_OBJC_ARC = YES;
				CLANG_WARN_BOOL_CONVERSION = YES;
				CLANG_WARN_CONSTANT_CONVERSION = YES;
				CLANG_WARN_DIRECT_OBJC_ISA_USAGE = YES_ERROR;
				CLANG_WARN_DOCUMENTATION_COMMENTS = YES;
				CLANG_WARN_EMPTY_BODY = YES;
				CLANG_WARN_ENUM_CONVERSION = YES;
				CLANG_WARN_INFINITE_RECURSION = YES;
				CLANG_WARN_INT_CONVERSION = YES;
				CLANG_WARN_OBJC_ROOT_CLASS = YES_ERROR;
				CLANG_WARN_SUSPICIOUS_MOVE = YES;
				CLANG_WARN_UNREACHABLE_CODE = YES;
				CLANG_WARN__DUPLICATE_METHOD_MATCH = YES;
				"CODE_SIGN_IDENTITY[sdk=iphoneos*]" = "iPhone Developer";
				COPY_PHASE_STRIP = NO;
				DEBUG_INFORMATION_FORMAT = dwarf;
				ENABLE_STRICT_OBJC_MSGSEND = YES;
				ENABLE_TESTABILITY = YES;
				GCC_C_LANGUAGE_STANDARD = gnu99;
				GCC_DYNAMIC_NO_PIC = NO;
				GCC_NO_COMMON_BLOCKS = YES;
				GCC_OPTIMIZATION_LEVEL = 0;
				GCC_PREPROCESSOR_DEFINITIONS = (
					"DEBUG=1",
					"$(inherited)",
				);
				GCC_WARN_64_TO_32_BIT_CONVERSION = YES;
				GCC_WARN_ABOUT_RETURN_TYPE = YES_ERROR;
				GCC_WARN_UNDECLARED_SELECTOR = YES;
				GCC_WARN_UNINITIALIZED_AUTOS = YES_AGGRESSIVE;
				GCC_WARN_UNUSED_FUNCTION = YES;
				GCC_WARN_UNUSED_VARIABLE = YES;
				IPHONEOS_DEPLOYMENT_TARGET = 11.0;
				MTL_ENABLE_DEBUG_INFO = YES;
				ONLY_ACTIVE_ARCH = YES;
				SDKROOT = iphoneos;
				SWIFT_ACTIVE_COMPILATION_CONDITIONS = DEBUG;
				SWIFT_OPTIMIZATION_LEVEL = "-Onone";
				TARGETED_DEVICE_FAMILY = "1,2";
			};
			name = Debug;
		};
		749BC3211F4A7D80006AA55D /* Release */ = {
			isa = XCBuildConfiguration;
			buildSettings = {
				ALWAYS_EMBED_SWIFT_STANDARD_LIBRARIES = YES;
				ALWAYS_SEARCH_USER_PATHS = NO;
				CLANG_ANALYZER_NONNULL = YES;
				CLANG_ANALYZER_NUMBER_OBJECT_CONVERSION = YES_AGGRESSIVE;
				CLANG_CXX_LANGUAGE_STANDARD = "gnu++0x";
				CLANG_CXX_LIBRARY = "libc++";
				CLANG_ENABLE_MODULES = YES;
				CLANG_ENABLE_OBJC_ARC = YES;
				CLANG_WARN_BOOL_CONVERSION = YES;
				CLANG_WARN_CONSTANT_CONVERSION = YES;
				CLANG_WARN_DIRECT_OBJC_ISA_USAGE = YES_ERROR;
				CLANG_WARN_DOCUMENTATION_COMMENTS = YES;
				CLANG_WARN_EMPTY_BODY = YES;
				CLANG_WARN_ENUM_CONVERSION = YES;
				CLANG_WARN_INFINITE_RECURSION = YES;
				CLANG_WARN_INT_CONVERSION = YES;
				CLANG_WARN_OBJC_ROOT_CLASS = YES_ERROR;
				CLANG_WARN_SUSPICIOUS_MOVE = YES;
				CLANG_WARN_UNREACHABLE_CODE = YES;
				CLANG_WARN__DUPLICATE_METHOD_MATCH = YES;
				"CODE_SIGN_IDENTITY[sdk=iphoneos*]" = "iPhone Developer";
				COPY_PHASE_STRIP = NO;
				DEBUG_INFORMATION_FORMAT = "dwarf-with-dsym";
				ENABLE_NS_ASSERTIONS = NO;
				ENABLE_STRICT_OBJC_MSGSEND = YES;
				GCC_C_LANGUAGE_STANDARD = gnu99;
				GCC_NO_COMMON_BLOCKS = YES;
				GCC_WARN_64_TO_32_BIT_CONVERSION = YES;
				GCC_WARN_ABOUT_RETURN_TYPE = YES_ERROR;
				GCC_WARN_UNDECLARED_SELECTOR = YES;
				GCC_WARN_UNINITIALIZED_AUTOS = YES_AGGRESSIVE;
				GCC_WARN_UNUSED_FUNCTION = YES;
				GCC_WARN_UNUSED_VARIABLE = YES;
				IPHONEOS_DEPLOYMENT_TARGET = 11.0;
				MTL_ENABLE_DEBUG_INFO = NO;
				SDKROOT = iphoneos;
				SWIFT_OPTIMIZATION_LEVEL = "-Owholemodule";
				TARGETED_DEVICE_FAMILY = "1,2";
				VALIDATE_PRODUCT = YES;
			};
			name = Release;
		};
		749BC3231F4A7D80006AA55D /* Debug */ = {
			isa = XCBuildConfiguration;
			baseConfigurationReference = 3DA19FFD6374542A8AF57804 /* Pods-TrackerApp.debug.xcconfig */;
			buildSettings = {
				ALWAYS_EMBED_SWIFT_STANDARD_LIBRARIES = YES;
				ASSETCATALOG_COMPILER_APPICON_NAME = AppIcon;
				DEVELOPMENT_TEAM = 7V27CSMYF8;
				INFOPLIST_FILE = TrackerApp/Info.plist;
				IPHONEOS_DEPLOYMENT_TARGET = 11.0;
				LD_RUNPATH_SEARCH_PATHS = "$(inherited) @executable_path/Frameworks";
				PRODUCT_BUNDLE_IDENTIFIER = Lipdroid.TrackerApp;
				PRODUCT_NAME = "$(TARGET_NAME)";
				SWIFT_VERSION = 3.0;
			};
			name = Debug;
		};
		749BC3241F4A7D80006AA55D /* Release */ = {
			isa = XCBuildConfiguration;
			baseConfigurationReference = D653A11911011B8DB62E2F55 /* Pods-TrackerApp.release.xcconfig */;
			buildSettings = {
				ALWAYS_EMBED_SWIFT_STANDARD_LIBRARIES = YES;
				ASSETCATALOG_COMPILER_APPICON_NAME = AppIcon;
				DEVELOPMENT_TEAM = 7V27CSMYF8;
				INFOPLIST_FILE = TrackerApp/Info.plist;
				IPHONEOS_DEPLOYMENT_TARGET = 11.0;
				LD_RUNPATH_SEARCH_PATHS = "$(inherited) @executable_path/Frameworks";
				PRODUCT_BUNDLE_IDENTIFIER = Lipdroid.TrackerApp;
				PRODUCT_NAME = "$(TARGET_NAME)";
				SWIFT_VERSION = 3.0;
			};
			name = Release;
		};
/* End XCBuildConfiguration section */

/* Begin XCConfigurationList section */
		749BC30B1F4A7D80006AA55D /* Build configuration list for PBXProject "TrackerApp" */ = {
			isa = XCConfigurationList;
			buildConfigurations = (
				749BC3201F4A7D80006AA55D /* Debug */,
				749BC3211F4A7D80006AA55D /* Release */,
			);
			defaultConfigurationIsVisible = 0;
			defaultConfigurationName = Release;
		};
		749BC3221F4A7D80006AA55D /* Build configuration list for PBXNativeTarget "TrackerApp" */ = {
			isa = XCConfigurationList;
			buildConfigurations = (
				749BC3231F4A7D80006AA55D /* Debug */,
				749BC3241F4A7D80006AA55D /* Release */,
			);
			defaultConfigurationIsVisible = 0;
			defaultConfigurationName = Release;
		};
/* End XCConfigurationList section */
	};
	rootObject = 749BC3081F4A7D80006AA55D /* Project object */;
}
